
Microsoft Visual Studio Solution File, Format Version 12.00
# Visual Studio Version 16
VisualStudioVersion = 16.0.33214.272
MinimumVisualStudioVersion = 10.0.40219.1
Project("{FAE04EC0-301F-11D3-BF4B-00C04F79EFBC}") = "TechHomeworkFour", "TechHomeworkFour\TechHomeworkFour.csproj", "{511712DE-5D1B-441A-988C-6FD9607A3648}"
EndProject
Global
	GlobalSection(SolutionConfigurationPlatforms) = preSolution
		Debug|Any CPU = Debug|Any CPU
		Release|Any CPU = Release|Any CPU
	EndGlobalSection
	GlobalSection(ProjectConfigurationPlatforms) = postSolution
		{511712DE-5D1B-441A-988C-6FD9607A3648}.Debug|Any CPU.ActiveCfg = Debug|Any CPU
		{511712DE-5D1B-441A-988C-6FD9607A3648}.Debug|Any CPU.Build.0 = Debug|Any CPU
		{511712DE-5D1B-441A-988C-6FD9607A3648}.Release|Any CPU.ActiveCfg = Release|Any CPU
		{511712DE-5D1B-441A-988C-6FD9607A3648}.Release|Any CPU.Build.0 = Release|Any CPU
	EndGlobalSection
	GlobalSection(SolutionProperties) = preSolution
		HideSolutionNode = FALSE
	EndGlobalSection
	GlobalSection(ExtensibilityGlobals) = postSolution
		SolutionGuid = {509B95F6-DE70-4A50-A9EA-3CFA537502E2}
	EndGlobalSection
EndGlobal
